{
  "name": "wsproxy-container",
  "version": "1.0.0",
  "lockfileVersion": 3,
  "requires": true,
  "packages": {
    "": {
      "name": "wsproxy-container",
      "version": "1.0.0",
      "dependencies": {
        "wsproxy": "1.2.32"
      }
    },
    "node_modules/minimist": {
      "version": "1.2.6",
      "resolved": "https://registry.npmjs.org/minimist/-/minimist-1.2.6.tgz",
      "integrity": "sha512-Jsjnk4bw3YJqYzbdyBiNsPWHPfO++UGG749Cxs6peCu5Xg4nrena6OVxOYxrQTqww0Jmwt+Ref8rggumkTLz9Q==",
      "license": "MIT"
    },
    "node_modules/optimist": {
      "version": "0.6.0",
      "resolved": "https://registry.npmjs.org/optimist/-/optimist-0.6.0.tgz",
      "integrity": "sha512-ubrZPyOU0AHpXkmwqfWolap+eHMwQ484AKivkf0ZGyysd6fUJZl7ow9iu5UNV1vCZv46HQ7EM83IC3NGJ820hg==",
      "license": "MIT/X11",
      "dependencies": {
        "minimist": "~0.0.1",
        "wordwrap": "~0.0.2"
      }
    },
    "node_modules/wordwrap": {
      "version": "0.0.3",
      "resolved": "https://registry.npmjs.org/wordwrap/-/wordwrap-0.0.3.tgz",
      "integrity": "sha512-1tMA907+V4QmxV7dbRvb4/8MaRALK6q9Abid3ndMYnbyo8piisCmeONVqVSXqQA3KaP4SLt5b7ud6E2sqP8TFw==",
      "license": "MIT",
      "engines": {
        "node": ">=0.4.0"
      }
    },
    "node_modules/ws": {
      "version": "8.21.0",
      "resolved": "https://registry.npmjs.org/ws/-/ws-8.21.0.tgz",
      "integrity": "sha512-Vsp28b7DRcimFQvrqu2Wek3z1iYxDCWqHYB8Qsnk/S4RfaCQzPGPyBNuVjJV3cd6UiKtUtp6sNM77gWvzcCH+g==",
      "license": "MIT",
      "engines": {
        "node": ">=10.0.0"
      },
      "peerDependencies": {
        "bufferutil": "^4.0.1",
        "utf-8-validate": ">=5.0.2"
      },
      "peerDependenciesMeta": {
        "bufferutil": {
          "optional": true
        },
        "utf-8-validate": {
          "optional": true
        }
      }
    },
    "node_modules/wsproxy": {
      "version": "1.2.32",
      "resolved": "https://registry.npmjs.org/wsproxy/-/wsproxy-1.2.32.tgz",
      "integrity": "sha512-aFpjXlrZd6lEzCjjNCBziKjfqzjC4aQv5JPLxEy9OhmZOVcBdSES3tmqAMLgQoJ72eal1lLeODeZGRrmT3z9wg==",
      "dependencies": {
        "optimist": "0.6.0",
        "ws": "^2.3.1"
      },
      "bin": {
        "wsproxy": "index.js"
      },
      "engines": {
        "node": ">=0.6"
      }
    }
  }
}
